
Microsoft Visual Studio Solution File, Format Version 12.00
# Visual Studio Version 17
VisualStudioVersion = 17.2.32616.157
MinimumVisualStudioVersion = 10.0.40219.1
Project("{8BC9CEB8-8B4A-11D0-8D11-00A0C91BC942}") = "hrot-cheats", "hrot-cheats.vcxproj", "{81F43504-FF6E-40CA-8251-F8B9F64C7583}"
EndProject
Global
	GlobalSection(SolutionConfigurationPlatforms) = preSolution
		Debug|x86 = Debug|x86
		Release|x86 = Release|x86
	EndGlobalSection
	GlobalSection(ProjectConfigurationPlatforms) = postSolution
		{81F43504-FF6E-40CA-8251-F8B9F64C7583}.Debug|x86.ActiveCfg = Debug|Win32
		{81F43504-FF6E-40CA-8251-F8B9F64C7583}.Debug|x86.Build.0 = Debug|Win32
		{81F43504-FF6E-40CA-8251-F8B9F64C7583}.Release|x86.ActiveCfg = Release|Win32
		{81F43504-FF6E-40CA-8251-F8B9F64C7583}.Release|x86.Build.0 = Release|Win32
	EndGlobalSection
	GlobalSection(SolutionProperties) = preSolution
		HideSolutionNode = FALSE
	EndGlobalSection
	GlobalSection(ExtensibilityGlobals) = postSolution
		SolutionGuid = {501D176D-FAD3-43D3-B09E-FE67B5B40D15}
	EndGlobalSection
EndGlobal
